
Microsoft Visual Studio Solution File, Format Version 12.00
# Visual Studio Version 16
VisualStudioVersion = 16.0.29728.190
MinimumVisualStudioVersion = 10.0.40219.1
Project("{FAE04EC0-301F-11D3-BF4B-00C04F79EFBC}") = "Entities", "Entities\Entities.csproj", "{F2D22E37-2772-4F39-A9BC-D3C17EBC0991}"
EndProject
Project("{FAE04EC0-301F-11D3-BF4B-00C04F79EFBC}") = "DataAccess", "DataAccess\DataAccess.csproj", "{504563B2-54E3-4154-AF45-3247106CCA2C}"
EndProject
Project("{FAE04EC0-301F-11D3-BF4B-00C04F79EFBC}") = "Business.Logic", "Business.Logic\Business.Logic.csproj", "{9044ABAA-CF21-405E-8AF4-08C922BB33D5}"
EndProject
Project("{FAE04EC0-301F-11D3-BF4B-00C04F79EFBC}") = "Presentation", "Presentation\Presentation.csproj", "{A2BAEC8A-93E2-4962-99B1-3565D18C7004}"
EndProject
Project("{FAE04EC0-301F-11D3-BF4B-00C04F79EFBC}") = "Service", "Service\Service.csproj", "{B2053BF1-0D9C-4F39-B634-3150705A92BF}"
EndProject
Global
	GlobalSection(SolutionConfigurationPlatforms) = preSolution
		Debug|Any CPU = Debug|Any CPU
		Release|Any CPU = Release|Any CPU
	EndGlobalSection
	GlobalSection(ProjectConfigurationPlatforms) = postSolution
		{F2D22E37-2772-4F39-A9BC-D3C17EBC0991}.Debug|Any CPU.ActiveCfg = Debug|Any CPU
		{F2D22E37-2772-4F39-A9BC-D3C17EBC0991}.Debug|Any CPU.Build.0 = Debug|Any CPU
		{F2D22E37-2772-4F39-A9BC-D3C17EBC0991}.Release|Any CPU.ActiveCfg = Release|Any CPU
		{F2D22E37-2772-4F39-A9BC-D3C17EBC0991}.Release|Any CPU.Build.0 = Release|Any CPU
		{504563B2-54E3-4154-AF45-3247106CCA2C}.Debug|Any CPU.ActiveCfg = Debug|Any CPU
		{504563B2-54E3-4154-AF45-3247106CCA2C}.Debug|Any CPU.Build.0 = Debug|Any CPU
		{504563B2-54E3-4154-AF45-3247106CCA2C}.Release|Any CPU.ActiveCfg = Release|Any CPU
		{504563B2-54E3-4154-AF45-3247106CCA2C}.Release|Any CPU.Build.0 = Release|Any CPU
		{9044ABAA-CF21-405E-8AF4-08C922BB33D5}.Debug|Any CPU.ActiveCfg = Debug|Any CPU
		{9044ABAA-CF21-405E-8AF4-08C922BB33D5}.Debug|Any CPU.Build.0 = Debug|Any CPU
		{9044ABAA-CF21-405E-8AF4-08C922BB33D5}.Release|Any CPU.ActiveCfg = Release|Any CPU
		{9044ABAA-CF21-405E-8AF4-08C922BB33D5}.Release|Any CPU.Build.0 = Release|Any CPU
		{A2BAEC8A-93E2-4962-99B1-3565D18C7004}.Debug|Any CPU.ActiveCfg = Debug|Any CPU
		{A2BAEC8A-93E2-4962-99B1-3565D18C7004}.Debug|Any CPU.Build.0 = Debug|Any CPU
		{A2BAEC8A-93E2-4962-99B1-3565D18C7004}.Release|Any CPU.ActiveCfg = Release|Any CPU
		{A2BAEC8A-93E2-4962-99B1-3565D18C7004}.Release|Any CPU.Build.0 = Release|Any CPU
		{B2053BF1-0D9C-4F39-B634-3150705A92BF}.Debug|Any CPU.ActiveCfg = Debug|Any CPU
		{B2053BF1-0D9C-4F39-B634-3150705A92BF}.Debug|Any CPU.Build.0 = Debug|Any CPU
		{B2053BF1-0D9C-4F39-B634-3150705A92BF}.Release|Any CPU.ActiveCfg = Release|Any CPU
		{B2053BF1-0D9C-4F39-B634-3150705A92BF}.Release|Any CPU.Build.0 = Release|Any CPU
	EndGlobalSection
	GlobalSection(SolutionProperties) = preSolution
		HideSolutionNode = FALSE
	EndGlobalSection
	GlobalSection(ExtensibilityGlobals) = postSolution
		SolutionGuid = {C3D3C854-28ED-49C3-823D-2617C206A9DC}
	EndGlobalSection
EndGlobal
